{
  "originHash" : "eac2e12ed51c85afc45997d81955a8e4f992b466834eedb3b16397e66b16d676",
  "pins" : [
    {
      "identity" : "truemasonarystack",
      "kind" : "remoteSourceControl",
      "location" : "https://github.com/SwiftTyper/TrueMasonaryStack",
      "state" : {
        "branch" : "main",
        "revision" : "635b3c3eb12c993f6b67d18aadca720b09e7e348"
      }
    }
  ],
  "version" : 3
}
